// !$*UTF8*$!
{
	archiveVersion = 1;
	classes = {
	};
	objectVersion = 56;
	objects = {

/* Begin PBXBuildFile section */
		DBEE1E272AEBEF780000DD14 /* AppDelegate.swift in Sources */ = {isa = PBXBuildFile; fileRef = DBEE1E262AEBEF780000DD14 /* AppDelegate.swift */; };
		DBEE1E292AEBEF780000DD14 /* SceneDelegate.swift in Sources */ = {isa = PBXBuildFile; fileRef = DBEE1E282AEBEF780000DD14 /* SceneDelegate.swift */; };
		DBEE1E2B2AEBEF780000DD14 /* PersonalTableViewController.swift in Sources */ = {isa = PBXBuildFile; fileRef = DBEE1E2A2AEBEF780000DD14 /* PersonalTableViewController.swift */; };
		DBEE1E2E2AEBEF780000DD14 /* Main.storyboard in Resources */ = {isa = PBXBuildFile; fileRef = DBEE1E2C2AEBEF780000DD14 /* Main.storyboard */; };
		DBEE1E302AEBEF7B0000DD14 /* Assets.xcassets in Resources */ = {isa = PBXBuildFile; fileRef = DBEE1E2F2AEBEF7B0000DD14 /* Assets.xcassets */; };
		DBEE1E332AEBEF7B0000DD14 /* LaunchScreen.storyboard in Resources */ = {isa = PBXBuildFile; fileRef = DBEE1E312AEBEF7B0000DD14 /* LaunchScreen.storyboard */; };
		DBEE1E3B2AEBF1050000DD14 /* Person.swift in Sources */ = {isa = PBXBuildFile; fileRef = DBEE1E3A2AEBF1050000DD14 /* Person.swift */; };
		DBEE1E3D2AEBF12F0000DD14 /* DataStore.swift in Sources */ = {isa = PBXBuildFile; fileRef = DBEE1E3C2AEBF12F0000DD14 /* DataStore.swift */; };
/* End PBXBuildFile section */

/* Begin PBXFileReference section */
		DBEE1E232AEBEF780000DD14 /* ContactListApp.app */ = {isa = PBXFileReference; explicitFileType = wrapper.application; includeInIndex = 0; path = ContactListApp.app; sourceTree = BUILT_PRODUCTS_DIR; };
		DBEE1E262AEBEF780000DD14 /* AppDelegate.swift */ = {isa = PBXFileReference; lastKnownFileType = sourcecode.swift; path = AppDelegate.swift; sourceTree = "<group>"; };
		DBEE1E282AEBEF780000DD14 /* SceneDelegate.swift */ = {isa = PBXFileReference; lastKnownFileType = sourcecode.swift; path = SceneDelegate.swift; sourceTree = "<group>"; };
		DBEE1E2A2AEBEF780000DD14 /* PersonalTableViewController.swift */ = {isa = PBXFileReference; lastKnownFileType = sourcecode.swift; path = PersonalTableViewController.swift; sourceTree = "<group>"; };
		DBEE1E2D2AEBEF780000DD14 /* Base */ = {isa = PBXFileReference; lastKnownFileType = file.storyboard; name = Base; path = Base.lproj/Main.storyboard; sourceTree = "<group>"; };
		DBEE1E2F2AEBEF7B0000DD14 /* Assets.xcassets */ = {isa = PBXFileReference; lastKnownFileType = folder.assetcatalog; path = Assets.xcassets; sourceTree = "<group>"; };
		DBEE1E322AEBEF7B0000DD14 /* Base */ = {isa = PBXFileReference; lastKnownFileType = file.storyboard; name = Base; path = Base.lproj/LaunchScreen.storyboard; sourceTree = "<group>"; };
		DBEE1E342AEBEF7B0000DD14 /* Info.plist */ = {isa = PBXFileReference; lastKnownFileType = text.plist.xml; path = Info.plist; sourceTree = "<group>"; };
		DBEE1E3A2AEBF1050000DD14 /* Person.swift */ = {isa = PBXFileReference; lastKnownFileType = sourcecode.swift; path = Person.swift; sourceTree = "<group>"; };
		DBEE1E3C2AEBF12F0000DD14 /* DataStore.swift */ = {isa = PBXFileReference; lastKnownFileType = sourcecode.swift; path = DataStore.swift; sourceTree = "<group>"; };
/* End PBXFileReference section */

/* Begin PBXFrameworksBuildPhase section */
		DBEE1E202AEBEF780000DD14 /* Frameworks */ = {
			isa = PBXFrameworksBuildPhase;
			buildActionMask = 2147483647;
			files = (
			);
			runOnlyForDeploymentPostprocessing = 0;
		};
/* End PBXFrameworksBuildPhase section */

/* Begin PBXGroup section */
		DBEE1E1A2AEBEF780000DD14 = {
			isa = PBXGroup;
			children = (
				DBEE1E3C2AEBF12F0000DD14 /* DataStore.swift */,
				DBEE1E3A2AEBF1050000DD14 /* Person.swift */,
				DBEE1E252AEBEF780000DD14 /* ContactListApp */,
				DBEE1E242AEBEF780000DD14 /* Products */,
			);
			sourceTree = "<group>";
		};
		DBEE1E242AEBEF780000DD14 /* Products */ = {
			isa = PBXGroup;
			children = (
				DBEE1E232AEBEF780000DD14 /* ContactListApp.app */,
			);
			name = Products;
			sourceTree = "<group>";
		};
		DBEE1E252AEBEF780000DD14 /* ContactListApp */ = {
			isa = PBXGroup;
			children = (
				DBEE1E262AEBEF780000DD14 /* AppDelegate.swift */,
				DBEE1E282AEBEF780000DD14 /* SceneDelegate.swift */,
				DBEE1E2A2AEBEF780000DD14 /* PersonalTableViewController.swift */,
				DBEE1E2C2AEBEF780000DD14 /* Main.storyboard */,
				DBEE1E2F2AEBEF7B0000DD14 /* Assets.xcassets */,
				DBEE1E312AEBEF7B0000DD14 /* LaunchScreen.storyboard */,
				DBEE1E342AEBEF7B0000DD14 /* Info.plist */,
			);
			path = ContactListApp;
			sourceTree = "<group>";
		};
/* End PBXGroup section */

/* Begin PBXNativeTarget section */
		DBEE1E222AEBEF780000DD14 /* ContactListApp */ = {
			isa = PBXNativeTarget;
			buildConfigurationList = DBEE1E372AEBEF7B0000DD14 /* Build configuration list for PBXNativeTarget "ContactListApp" */;
			buildPhases = (
				DBEE1E1F2AEBEF780000DD14 /* Sources */,
				DBEE1E202AEBEF780000DD14 /* Frameworks */,
				DBEE1E212AEBEF780000DD14 /* Resources */,
			);
			buildRules = (
			);
			dependencies = (
			);
			name = ContactListApp;
			productName = ContactListApp;
			productReference = DBEE1E232AEBEF780000DD14 /* ContactListApp.app */;
			productType = "com.apple.product-type.application";
		};
/* End PBXNativeTarget section */

/* Begin PBXProject section */
		DBEE1E1B2AEBEF780000DD14 /* Project object */ = {
			isa = PBXProject;
			attributes = {
				BuildIndependentTargetsInParallel = 1;
				LastSwiftUpdateCheck = 1500;
				LastUpgradeCheck = 1500;
				TargetAttributes = {
					DBEE1E222AEBEF780000DD14 = {
						CreatedOnToolsVersion = 15.0;
					};
				};
			};
			buildConfigurationList = DBEE1E1E2AEBEF780000DD14 /* Build configuration list for PBXProject "ContactListApp" */;
			compatibilityVersion = "Xcode 14.0";
			developmentRegion = en;
			hasScannedForEncodings = 0;
			knownRegions = (
				en,
				Base,
			);
			mainGroup = DBEE1E1A2AEBEF780000DD14;
			productRefGroup = DBEE1E242AEBEF780000DD14 /* Products */;
			projectDirPath = "";
			projectRoot = "";
			targets = (
				DBEE1E222AEBEF780000DD14 /* ContactListApp */,
			);
		};
/* End PBXProject section */

/* Begin PBXResourcesBuildPhase section */
		DBEE1E212AEBEF780000DD14 /* Resources */ = {
			isa = PBXResourcesBuildPhase;
			buildActionMask = 2147483647;
			files = (
				DBEE1E332AEBEF7B0000DD14 /* LaunchScreen.storyboard in Resources */,
				DBEE1E302AEBEF7B0000DD14 /* Assets.xcassets in Resources */,
				DBEE1E2E2AEBEF780000DD14 /* Main.storyboard in Resources */,
			);
			runOnlyForDeploymentPostprocessing = 0;
		};
/* End PBXResourcesBuildPhase section */

/* Begin PBXSourcesBuildPhase section */
		DBEE1E1F2AEBEF780000DD14 /* Sources */ = {
			isa = PBXSourcesBuildPhase;
			buildActionMask = 2147483647;
			files = (
				DBEE1E2B2AEBEF780000DD14 /* PersonalTableViewController.swift in Sources */,
				DBEE1E272AEBEF780000DD14 /* AppDelegate.swift in Sources */,
				DBEE1E3B2AEBF1050000DD14 /* Person.swift in Sources */,
				DBEE1E3D2AEBF12F0000DD14 /* DataStore.swift in Sources */,
				DBEE1E292AEBEF780000DD14 /* SceneDelegate.swift in Sources */,
			);
			runOnlyForDeploymentPostprocessing = 0;
		};
/* End PBXSourcesBuildPhase section */

/* Begin PBXVariantGroup section */
		DBEE1E2C2AEBEF780000DD14 /* Main.storyboard */ = {
			isa = PBXVariantGroup;
			children = (
				DBEE1E2D2AEBEF780000DD14 /* Base */,
			);
			name = Main.storyboard;
			sourceTree = "<group>";
		};
		DBEE1E312AEBEF7B0000DD14 /* LaunchScreen.storyboard */ = {
			isa = PBXVariantGroup;
			children = (
				DBEE1E322AEBEF7B0000DD14 /* Base */,
			);
			name = LaunchScreen.storyboard;
			sourceTree = "<group>";
		};
/* End PBXVariantGroup section */

/* Begin XCBuildConfiguration section */
		DBEE1E352AEBEF7B0000DD14 /* Debug */ = {
			isa = XCBuildConfiguration;
			buildSettings = {
				ALWAYS_SEARCH_USER_PATHS = NO;
				ASSETCATALOG_COMPILER_GENERATE_SWIFT_ASSET_SYMBOL_EXTENSIONS = YES;
				CLANG_ANALYZER_NONNULL = YES;
				CLANG_ANALYZER_NUMBER_OBJECT_CONVERSION = YES_AGGRESSIVE;
				CLANG_CXX_LANGUAGE_STANDARD = "gnu++20";
				CLANG_ENABLE_MODULES = YES;
				CLANG_ENABLE_OBJC_ARC = YES;
				CLANG_ENABLE_OBJC_WEAK = YES;
				CLANG_WARN_BLOCK_CAPTURE_AUTORELEASING = YES;
				CLANG_WARN_BOOL_CONVERSION = YES;
				CLANG_WARN_COMMA = YES;
				CLANG_WARN_CONSTANT_CONVERSION = YES;
				CLANG_WARN_DEPRECATED_OBJC_IMPLEMENTATIONS = YES;
				CLANG_WARN_DIRECT_OBJC_ISA_USAGE = YES_ERROR;
				CLANG_WARN_DOCUMENTATION_COMMENTS = YES;
				CLANG_WARN_EMPTY_BODY = YES;
				CLANG_WARN_ENUM_CONVERSION = YES;
				CLANG_WARN_INFINITE_RECURSION = YES;
				CLANG_WARN_INT_CONVERSION = YES;
				CLANG_WARN_NON_LITERAL_NULL_CONVERSION = YES;
				CLANG_WARN_OBJC_IMPLICIT_RETAIN_SELF = YES;
				CLANG_WARN_OBJC_LITERAL_CONVERSION = YES;
				CLANG_WARN_OBJC_ROOT_CLASS = YES_ERROR;
				CLANG_WARN_QUOTED_INCLUDE_IN_FRAMEWORK_HEADER = YES;
				CLANG_WARN_RANGE_LOOP_ANALYSIS = YES;
				CLANG_WARN_STRICT_PROTOTYPES = YES;
				CLANG_WARN_SUSPICIOUS_MOVE = YES;
				CLANG_WARN_UNGUARDED_AVAILABILITY = YES_AGGRESSIVE;
				CLANG_WARN_UNREACHABLE_CODE = YES;
				CLANG_WARN__DUPLICATE_METHOD_MATCH = YES;
				COPY_PHASE_STRIP = NO;
				DEBUG_INFORMATION_FORMAT = dwarf;
				ENABLE_STRICT_OBJC_MSGSEND = YES;
				ENABLE_TESTABILITY = YES;
				ENABLE_USER_SCRIPT_SANDBOXING = YES;
				GCC_C_LANGUAGE_STANDARD = gnu17;
				GCC_DYNAMIC_NO_PIC = NO;
				GCC_NO_COMMON_BLOCKS = YES;
				GCC_OPTIMIZATION_LEVEL = 0;
				GCC_PREPROCESSOR_DEFINITIONS = (
					"DEBUG=1",
					"$(inherited)",
				);
				GCC_WARN_64_TO_32_BIT_CONVERSION = YES;
				GCC_WARN_ABOUT_RETURN_TYPE = YES_ERROR;
				GCC_WARN_UNDECLARED_SELECTOR = YES;
				GCC_WARN_UNINITIALIZED_AUTOS = YES_AGGRESSIVE;
				GCC_WARN_UNUSED_FUNCTION = YES;
				GCC_WARN_UNUSED_VARIABLE = YES;
				IPHONEOS_DEPLOYMENT_TARGET = 17.0;
				LOCALIZATION_PREFERS_STRING_CATALOGS = YES;
				MTL_ENABLE_DEBUG_INFO = INCLUDE_SOURCE;
				MTL_FAST_MATH = YES;
				ONLY_ACTIVE_ARCH = YES;
				SDKROOT = iphoneos;
				SWIFT_ACTIVE_COMPILATION_CONDITIONS = "DEBUG $(inherited)";
				SWIFT_OPTIMIZATION_LEVEL = "-Onone";
			};
			name = Debug;
		};
		DBEE1E362AEBEF7B0000DD14 /* Release */ = {
			isa = XCBuildConfiguration;
			buildSettings = {
				ALWAYS_SEARCH_USER_PATHS = NO;
				ASSETCATALOG_COMPILER_GENERATE_SWIFT_ASSET_SYMBOL_EXTENSIONS = YES;
				CLANG_ANALYZER_NONNULL = YES;
				CLANG_ANALYZER_NUMBER_OBJECT_CONVERSION = YES_AGGRESSIVE;
				CLANG_CXX_LANGUAGE_STANDARD = "gnu++20";
				CLANG_ENABLE_MODULES = YES;
				CLANG_ENABLE_OBJC_ARC = YES;
				CLANG_ENABLE_OBJC_WEAK = YES;
				CLANG_WARN_BLOCK_CAPTURE_AUTORELEASING = YES;
				CLANG_WARN_BOOL_CONVERSION = YES;
				CLANG_WARN_COMMA = YES;
				CLANG_WARN_CONSTANT_CONVERSION = YES;
				CLANG_WARN_DEPRECATED_OBJC_IMPLEMENTATIONS = YES;
				CLANG_WARN_DIRECT_OBJC_ISA_USAGE = YES_ERROR;
				CLANG_WARN_DOCUMENTATION_COMMENTS = YES;
				CLANG_WARN_EMPTY_BODY = YES;
				CLANG_WARN_ENUM_CONVERSION = YES;
				CLANG_WARN_INFINITE_RECURSION = YES;
				CLANG_WARN_INT_CONVERSION = YES;
				CLANG_WARN_NON_LITERAL_NULL_CONVERSION = YES;
				CLANG_WARN_OBJC_IMPLICIT_RETAIN_SELF = YES;
				CLANG_WARN_OBJC_LITERAL_CONVERSION = YES;
				CLANG_WARN_OBJC_ROOT_CLASS = YES_ERROR;
				CLANG_WARN_QUOTED_INCLUDE_IN_FRAMEWORK_HEADER = YES;
				CLANG_WARN_RANGE_LOOP_ANALYSIS = YES;
				CLANG_WARN_STRICT_PROTOTYPES = YES;
				CLANG_WARN_SUSPICIOUS_MOVE = YES;
				CLANG_WARN_UNGUARDED_AVAILABILITY = YES_AGGRESSIVE;
				CLANG_WARN_UNREACHABLE_CODE = YES;
				CLANG_WARN__DUPLICATE_METHOD_MATCH = YES;
				COPY_PHASE_STRIP = NO;
				DEBUG_INFORMATION_FORMAT = "dwarf-with-dsym";
				ENABLE_NS_ASSERTIONS = NO;
				ENABLE_STRICT_OBJC_MSGSEND = YES;
				ENABLE_USER_SCRIPT_SANDBOXING = YES;
				GCC_C_LANGUAGE_STANDARD = gnu17;
				GCC_NO_COMMON_BLOCKS = YES;
				GCC_WARN_64_TO_32_BIT_CONVERSION = YES;
				GCC_WARN_ABOUT_RETURN_TYPE = YES_ERROR;
				GCC_WARN_UNDECLARED_SELECTOR = YES;
				GCC_WARN_UNINITIALIZED_AUTOS = YES_AGGRESSIVE;
				GCC_WARN_UNUSED_FUNCTION = YES;
				GCC_WARN_UNUSED_VARIABLE = YES;
				IPHONEOS_DEPLOYMENT_TARGET = 17.0;
				LOCALIZATION_PREFERS_STRING_CATALOGS = YES;
				MTL_ENABLE_DEBUG_INFO = NO;
				MTL_FAST_MATH = YES;
				SDKROOT = iphoneos;
				SWIFT_COMPILATION_MODE = wholemodule;
				VALIDATE_PRODUCT = YES;
			};
			name = Release;
		};
		DBEE1E382AEBEF7B0000DD14 /* Debug */ = {
			isa = XCBuildConfiguration;
			buildSettings = {
				ASSETCATALOG_COMPILER_APPICON_NAME = AppIcon;
				ASSETCATALOG_COMPILER_GLOBAL_ACCENT_COLOR_NAME = AccentColor;
				CODE_SIGN_STYLE = Automatic;
				CURRENT_PROJECT_VERSION = 1;
				DEVELOPMENT_TEAM = S6ZHA5R5FZ;
				GENERATE_INFOPLIST_FILE = YES;
				INFOPLIST_FILE = ContactListApp/Info.plist;
				INFOPLIST_KEY_UIApplicationSupportsIndirectInputEvents = YES;
				INFOPLIST_KEY_UILaunchStoryboardName = LaunchScreen;
				INFOPLIST_KEY_UIMainStoryboardFile = Main;
				INFOPLIST_KEY_UISupportedInterfaceOrientations_iPad = "UIInterfaceOrientationPortrait UIInterfaceOrientationPortraitUpsideDown UIInterfaceOrientationLandscapeLeft UIInterfaceOrientationLandscapeRight";
				INFOPLIST_KEY_UISupportedInterfaceOrientations_iPhone = "UIInterfaceOrientationPortrait UIInterfaceOrientationLandscapeLeft UIInterfaceOrientationLandscapeRight";
				IPHONEOS_DEPLOYMENT_TARGET = 15.5;
				LD_RUNPATH_SEARCH_PATHS = (
					"$(inherited)",
					"@executable_path/Frameworks",
				);
				MARKETING_VERSION = 1.0;
				PRODUCT_BUNDLE_IDENTIFIER = Viktor.ContactListApp;
				PRODUCT_NAME = "$(TARGET_NAME)";
				SUPPORTED_PLATFORMS = "iphoneos iphonesimulator";
				SUPPORTS_MACCATALYST = NO;
				SUPPORTS_MAC_DESIGNED_FOR_IPHONE_IPAD = NO;
				SWIFT_EMIT_LOC_STRINGS = YES;
				SWIFT_VERSION = 5.0;
				TARGETED_DEVICE_FAMILY = 1;
			};
			name = Debug;
		};
		DBEE1E392AEBEF7B0000DD14 /* Release */ = {
			isa = XCBuildConfiguration;
			buildSettings = {
				ASSETCATALOG_COMPILER_APPICON_NAME = AppIcon;
				ASSETCATALOG_COMPILER_GLOBAL_ACCENT_COLOR_NAME = AccentColor;
				CODE_SIGN_STYLE = Automatic;
				CURRENT_PROJECT_VERSION = 1;
				DEVELOPMENT_TEAM = S6ZHA5R5FZ;
				GENERATE_INFOPLIST_FILE = YES;
				INFOPLIST_FILE = ContactListApp/Info.plist;
				INFOPLIST_KEY_UIApplicationSupportsIndirectInputEvents = YES;
				INFOPLIST_KEY_UILaunchStoryboardName = LaunchScreen;
				INFOPLIST_KEY_UIMainStoryboardFile = Main;
				INFOPLIST_KEY_UISupportedInterfaceOrientations_iPad = "UIInterfaceOrientationPortrait UIInterfaceOrientationPortraitUpsideDown UIInterfaceOrientationLandscapeLeft UIInterfaceOrientationLandscapeRight";
				INFOPLIST_KEY_UISupportedInterfaceOrientations_iPhone = "UIInterfaceOrientationPortrait UIInterfaceOrientationLandscapeLeft UIInterfaceOrientationLandscapeRight";
				IPHONEOS_DEPLOYMENT_TARGET = 15.5;
				LD_RUNPATH_SEARCH_PATHS = (
					"$(inherited)",
					"@executable_path/Frameworks",
				);
				MARKETING_VERSION = 1.0;
				PRODUCT_BUNDLE_IDENTIFIER = Viktor.ContactListApp;
				PRODUCT_NAME = "$(TARGET_NAME)";
				SUPPORTED_PLATFORMS = "iphoneos iphonesimulator";
				SUPPORTS_MACCATALYST = NO;
				SUPPORTS_MAC_DESIGNED_FOR_IPHONE_IPAD = NO;
				SWIFT_EMIT_LOC_STRINGS = YES;
				SWIFT_VERSION = 5.0;
				TARGETED_DEVICE_FAMILY = 1;
			};
			name = Release;
		};
/* End XCBuildConfiguration section */

/* Begin XCConfigurationList section */
		DBEE1E1E2AEBEF780000DD14 /* Build configuration list for PBXProject "ContactListApp" */ = {
			isa = XCConfigurationList;
			buildConfigurations = (
				DBEE1E352AEBEF7B0000DD14 /* Debug */,
				DBEE1E362AEBEF7B0000DD14 /* Release */,
			);
			defaultConfigurationIsVisible = 0;
			defaultConfigurationName = Release;
		};
		DBEE1E372AEBEF7B0000DD14 /* Build configuration list for PBXNativeTarget "ContactListApp" */ = {
			isa = XCConfigurationList;
			buildConfigurations = (
				DBEE1E382AEBEF7B0000DD14 /* Debug */,
				DBEE1E392AEBEF7B0000DD14 /* Release */,
			);
			defaultConfigurationIsVisible = 0;
			defaultConfigurationName = Release;
		};
/* End XCConfigurationList section */
	};
	rootObject = DBEE1E1B2AEBEF780000DD14 /* Project object */;
}
